
Microsoft Visual Studio Solution File, Format Version 12.00
# Visual Studio Version 17
VisualStudioVersion = 17.0.31903.59
MinimumVisualStudioVersion = 10.0.40219.1
Project("{FAE04EC0-301F-11D3-BF4B-00C04F79EFBC}") = "APIE.Inheritance", "APIE.Inheritance\APIE.Inheritance.csproj", "{4EB283D1-B81C-4D49-B9FB-CCA7B0862F3A}"
EndProject
Project("{FAE04EC0-301F-11D3-BF4B-00C04F79EFBC}") = "APIE.Tests", "APIE.Tests\APIE.Tests.csproj", "{AECEF0AF-610D-4EE0-83B4-6E0C8E8A21B5}"
EndProject
Project("{FAE04EC0-301F-11D3-BF4B-00C04F79EFBC}") = "APIE.Polymorphism", "APIE.Polymorphism\APIE.Polymorphism.csproj", "{3DC2CCDD-89B4-4CAE-9029-DFB3A4B90301}"
EndProject
Global
	GlobalSection(SolutionConfigurationPlatforms) = preSolution
		Debug|Any CPU = Debug|Any CPU
		Release|Any CPU = Release|Any CPU
	EndGlobalSection
	GlobalSection(SolutionProperties) = preSolution
		HideSolutionNode = FALSE
	EndGlobalSection
	GlobalSection(ProjectConfigurationPlatforms) = postSolution
		{4EB283D1-B81C-4D49-B9FB-CCA7B0862F3A}.Debug|Any CPU.ActiveCfg = Debug|Any CPU
		{4EB283D1-B81C-4D49-B9FB-CCA7B0862F3A}.Debug|Any CPU.Build.0 = Debug|Any CPU
		{4EB283D1-B81C-4D49-B9FB-CCA7B0862F3A}.Release|Any CPU.ActiveCfg = Release|Any CPU
		{4EB283D1-B81C-4D49-B9FB-CCA7B0862F3A}.Release|Any CPU.Build.0 = Release|Any CPU
		{AECEF0AF-610D-4EE0-83B4-6E0C8E8A21B5}.Debug|Any CPU.ActiveCfg = Debug|Any CPU
		{AECEF0AF-610D-4EE0-83B4-6E0C8E8A21B5}.Debug|Any CPU.Build.0 = Debug|Any CPU
		{AECEF0AF-610D-4EE0-83B4-6E0C8E8A21B5}.Release|Any CPU.ActiveCfg = Release|Any CPU
		{AECEF0AF-610D-4EE0-83B4-6E0C8E8A21B5}.Release|Any CPU.Build.0 = Release|Any CPU
		{3DC2CCDD-89B4-4CAE-9029-DFB3A4B90301}.Debug|Any CPU.ActiveCfg = Debug|Any CPU
		{3DC2CCDD-89B4-4CAE-9029-DFB3A4B90301}.Debug|Any CPU.Build.0 = Debug|Any CPU
		{3DC2CCDD-89B4-4CAE-9029-DFB3A4B90301}.Release|Any CPU.ActiveCfg = Release|Any CPU
		{3DC2CCDD-89B4-4CAE-9029-DFB3A4B90301}.Release|Any CPU.Build.0 = Release|Any CPU
	EndGlobalSection
EndGlobal
